// !$*UTF8*$!
{
	archiveVersion = 1;
	classes = {
	};
	objectVersion = 50;
	objects = {

/* Begin PBXBuildFile section */
		FF2FA83B25594770009541BB /* AppDelegate.swift in Sources */ = {isa = PBXBuildFile; fileRef = FF2FA83A25594770009541BB /* AppDelegate.swift */; };
		FF2FA83D25594770009541BB /* SceneDelegate.swift in Sources */ = {isa = PBXBuildFile; fileRef = FF2FA83C25594770009541BB /* SceneDelegate.swift */; };
		FF2FA83F25594770009541BB /* ViewController.swift in Sources */ = {isa = PBXBuildFile; fileRef = FF2FA83E25594770009541BB /* ViewController.swift */; };
		FF2FA84225594770009541BB /* Main.storyboard in Resources */ = {isa = PBXBuildFile; fileRef = FF2FA84025594770009541BB /* Main.storyboard */; };
		FF2FA84425594772009541BB /* Assets.xcassets in Resources */ = {isa = PBXBuildFile; fileRef = FF2FA84325594772009541BB /* Assets.xcassets */; };
		FF2FA84725594772009541BB /* LaunchScreen.storyboard in Resources */ = {isa = PBXBuildFile; fileRef = FF2FA84525594772009541BB /* LaunchScreen.storyboard */; };
		FF2FA8C0255AB42A009541BB /* ExelFormulas.swift in Sources */ = {isa = PBXBuildFile; fileRef = FF2FA8BF255AB42A009541BB /* ExelFormulas.swift */; };
		FF2FA8C3255AB6A9009541BB /* Double + asCurrency.swift in Sources */ = {isa = PBXBuildFile; fileRef = FF2FA8C2255AB6A9009541BB /* Double + asCurrency.swift */; };
/* End PBXBuildFile section */

/* Begin PBXFileReference section */
		FF2FA83725594770009541BB /* Bank App.app */ = {isa = PBXFileReference; explicitFileType = wrapper.application; includeInIndex = 0; path = "Bank App.app"; sourceTree = BUILT_PRODUCTS_DIR; };
		FF2FA83A25594770009541BB /* AppDelegate.swift */ = {isa = PBXFileReference; lastKnownFileType = sourcecode.swift; path = AppDelegate.swift; sourceTree = "<group>"; };
		FF2FA83C25594770009541BB /* SceneDelegate.swift */ = {isa = PBXFileReference; lastKnownFileType = sourcecode.swift; path = SceneDelegate.swift; sourceTree = "<group>"; };
		FF2FA83E25594770009541BB /* ViewController.swift */ = {isa = PBXFileReference; lastKnownFileType = sourcecode.swift; path = ViewController.swift; sourceTree = "<group>"; };
		FF2FA84125594770009541BB /* Base */ = {isa = PBXFileReference; lastKnownFileType = file.storyboard; name = Base; path = Base.lproj/Main.storyboard; sourceTree = "<group>"; };
		FF2FA84325594772009541BB /* Assets.xcassets */ = {isa = PBXFileReference; lastKnownFileType = folder.assetcatalog; path = Assets.xcassets; sourceTree = "<group>"; };
		FF2FA84625594772009541BB /* Base */ = {isa = PBXFileReference; lastKnownFileType = file.storyboard; name = Base; path = Base.lproj/LaunchScreen.storyboard; sourceTree = "<group>"; };
		FF2FA84825594772009541BB /* Info.plist */ = {isa = PBXFileReference; lastKnownFileType = text.plist.xml; path = Info.plist; sourceTree = "<group>"; };
		FF2FA8BF255AB42A009541BB /* ExelFormulas.swift */ = {isa = PBXFileReference; lastKnownFileType = sourcecode.swift; path = ExelFormulas.swift; sourceTree = "<group>"; };
		FF2FA8C2255AB6A9009541BB /* Double + asCurrency.swift */ = {isa = PBXFileReference; lastKnownFileType = sourcecode.swift; path = "Double + asCurrency.swift"; sourceTree = "<group>"; };
/* End PBXFileReference section */

/* Begin PBXFrameworksBuildPhase section */
		FF2FA83425594770009541BB /* Frameworks */ = {
			isa = PBXFrameworksBuildPhase;
			buildActionMask = 2147483647;
			files = (
			);
			runOnlyForDeploymentPostprocessing = 0;
		};
/* End PBXFrameworksBuildPhase section */

/* Begin PBXGroup section */
		FF2FA82E25594770009541BB = {
			isa = PBXGroup;
			children = (
				FF2FA83925594770009541BB /* Bank App */,
				FF2FA83825594770009541BB /* Products */,
			);
			sourceTree = "<group>";
		};
		FF2FA83825594770009541BB /* Products */ = {
			isa = PBXGroup;
			children = (
				FF2FA83725594770009541BB /* Bank App.app */,
			);
			name = Products;
			sourceTree = "<group>";
		};
		FF2FA83925594770009541BB /* Bank App */ = {
			isa = PBXGroup;
			children = (
				FF2FA83A25594770009541BB /* AppDelegate.swift */,
				FF2FA83C25594770009541BB /* SceneDelegate.swift */,
				FF2FA83E25594770009541BB /* ViewController.swift */,
				FF2FA8BF255AB42A009541BB /* ExelFormulas.swift */,
				FF2FA8C2255AB6A9009541BB /* Double + asCurrency.swift */,
				FF2FA84025594770009541BB /* Main.storyboard */,
				FF2FA84325594772009541BB /* Assets.xcassets */,
				FF2FA84525594772009541BB /* LaunchScreen.storyboard */,
				FF2FA84825594772009541BB /* Info.plist */,
			);
			path = "Bank App";
			sourceTree = "<group>";
		};
/* End PBXGroup section */

/* Begin PBXNativeTarget section */
		FF2FA83625594770009541BB /* Bank App */ = {
			isa = PBXNativeTarget;
			buildConfigurationList = FF2FA84B25594772009541BB /* Build configuration list for PBXNativeTarget "Bank App" */;
			buildPhases = (
				FF2FA83325594770009541BB /* Sources */,
				FF2FA83425594770009541BB /* Frameworks */,
				FF2FA83525594770009541BB /* Resources */,
			);
			buildRules = (
			);
			dependencies = (
			);
			name = "Bank App";
			productName = "Bank App";
			productReference = FF2FA83725594770009541BB /* Bank App.app */;
			productType = "com.apple.product-type.application";
		};
/* End PBXNativeTarget section */

/* Begin PBXProject section */
		FF2FA82F25594770009541BB /* Project object */ = {
			isa = PBXProject;
			attributes = {
				LastSwiftUpdateCheck = 1210;
				LastUpgradeCheck = 1210;
				TargetAttributes = {
					FF2FA83625594770009541BB = {
						CreatedOnToolsVersion = 12.1;
					};
				};
			};
			buildConfigurationList = FF2FA83225594770009541BB /* Build configuration list for PBXProject "Bank App" */;
			compatibilityVersion = "Xcode 9.3";
			developmentRegion = en;
			hasScannedForEncodings = 0;
			knownRegions = (
				en,
				Base,
			);
			mainGroup = FF2FA82E25594770009541BB;
			productRefGroup = FF2FA83825594770009541BB /* Products */;
			projectDirPath = "";
			projectRoot = "";
			targets = (
				FF2FA83625594770009541BB /* Bank App */,
			);
		};
/* End PBXProject section */

/* Begin PBXResourcesBuildPhase section */
		FF2FA83525594770009541BB /* Resources */ = {
			isa = PBXResourcesBuildPhase;
			buildActionMask = 2147483647;
			files = (
				FF2FA84725594772009541BB /* LaunchScreen.storyboard in Resources */,
				FF2FA84425594772009541BB /* Assets.xcassets in Resources */,
				FF2FA84225594770009541BB /* Main.storyboard in Resources */,
			);
			runOnlyForDeploymentPostprocessing = 0;
		};
/* End PBXResourcesBuildPhase section */

/* Begin PBXSourcesBuildPhase section */
		FF2FA83325594770009541BB /* Sources */ = {
			isa = PBXSourcesBuildPhase;
			buildActionMask = 2147483647;
			files = (
				FF2FA8C0255AB42A009541BB /* ExelFormulas.swift in Sources */,
				FF2FA83F25594770009541BB /* ViewController.swift in Sources */,
				FF2FA8C3255AB6A9009541BB /* Double + asCurrency.swift in Sources */,
				FF2FA83B25594770009541BB /* AppDelegate.swift in Sources */,
				FF2FA83D25594770009541BB /* SceneDelegate.swift in Sources */,
			);
			runOnlyForDeploymentPostprocessing = 0;
		};
/* End PBXSourcesBuildPhase section */

/* Begin PBXVariantGroup section */
		FF2FA84025594770009541BB /* Main.storyboard */ = {
			isa = PBXVariantGroup;
			children = (
				FF2FA84125594770009541BB /* Base */,
			);
			name = Main.storyboard;
			sourceTree = "<group>";
		};
		FF2FA84525594772009541BB /* LaunchScreen.storyboard */ = {
			isa = PBXVariantGroup;
			children = (
				FF2FA84625594772009541BB /* Base */,
			);
			name = LaunchScreen.storyboard;
			sourceTree = "<group>";
		};
/* End PBXVariantGroup section */

/* Begin XCBuildConfiguration section */
		FF2FA84925594772009541BB /* Debug */ = {
			isa = XCBuildConfiguration;
			buildSettings = {
				ALWAYS_SEARCH_USER_PATHS = NO;
				CLANG_ANALYZER_NONNULL = YES;
				CLANG_ANALYZER_NUMBER_OBJECT_CONVERSION = YES_AGGRESSIVE;
				CLANG_CXX_LANGUAGE_STANDARD = "gnu++14";
				CLANG_CXX_LIBRARY = "libc++";
				CLANG_ENABLE_MODULES = YES;
				CLANG_ENABLE_OBJC_ARC = YES;
				CLANG_ENABLE_OBJC_WEAK = YES;
				CLANG_WARN_BLOCK_CAPTURE_AUTORELEASING = YES;
				CLANG_WARN_BOOL_CONVERSION = YES;
				CLANG_WARN_COMMA = YES;
				CLANG_WARN_CONSTANT_CONVERSION = YES;
				CLANG_WARN_DEPRECATED_OBJC_IMPLEMENTATIONS = YES;
				CLANG_WARN_DIRECT_OBJC_ISA_USAGE = YES_ERROR;
				CLANG_WARN_DOCUMENTATION_COMMENTS = YES;
				CLANG_WARN_EMPTY_BODY = YES;
				CLANG_WARN_ENUM_CONVERSION = YES;
				CLANG_WARN_INFINITE_RECURSION = YES;
				CLANG_WARN_INT_CONVERSION = YES;
				CLANG_WARN_NON_LITERAL_NULL_CONVERSION = YES;
				CLANG_WARN_OBJC_IMPLICIT_RETAIN_SELF = YES;
				CLANG_WARN_OBJC_LITERAL_CONVERSION = YES;
				CLANG_WARN_OBJC_ROOT_CLASS = YES_ERROR;
				CLANG_WARN_QUOTED_INCLUDE_IN_FRAMEWORK_HEADER = YES;
				CLANG_WARN_RANGE_LOOP_ANALYSIS = YES;
				CLANG_WARN_STRICT_PROTOTYPES = YES;
				CLANG_WARN_SUSPICIOUS_MOVE = YES;
				CLANG_WARN_UNGUARDED_AVAILABILITY = YES_AGGRESSIVE;
				CLANG_WARN_UNREACHABLE_CODE = YES;
				CLANG_WARN__DUPLICATE_METHOD_MATCH = YES;
				COPY_PHASE_STRIP = NO;
				DEBUG_INFORMATION_FORMAT = dwarf;
				ENABLE_STRICT_OBJC_MSGSEND = YES;
				ENABLE_TESTABILITY = YES;
				GCC_C_LANGUAGE_STANDARD = gnu11;
				GCC_DYNAMIC_NO_PIC = NO;
				GCC_NO_COMMON_BLOCKS = YES;
				GCC_OPTIMIZATION_LEVEL = 0;
				GCC_PREPROCESSOR_DEFINITIONS = (
					"DEBUG=1",
					"$(inherited)",
				);
				GCC_WARN_64_TO_32_BIT_CONVERSION = YES;
				GCC_WARN_ABOUT_RETURN_TYPE = YES_ERROR;
				GCC_WARN_UNDECLARED_SELECTOR = YES;
				GCC_WARN_UNINITIALIZED_AUTOS = YES_AGGRESSIVE;
				GCC_WARN_UNUSED_FUNCTION = YES;
				GCC_WARN_UNUSED_VARIABLE = YES;
				IPHONEOS_DEPLOYMENT_TARGET = 14.1;
				MTL_ENABLE_DEBUG_INFO = INCLUDE_SOURCE;
				MTL_FAST_MATH = YES;
				ONLY_ACTIVE_ARCH = YES;
				SDKROOT = iphoneos;
				SWIFT_ACTIVE_COMPILATION_CONDITIONS = DEBUG;
				SWIFT_OPTIMIZATION_LEVEL = "-Onone";
			};
			name = Debug;
		};
		FF2FA84A25594772009541BB /* Release */ = {
			isa = XCBuildConfiguration;
			buildSettings = {
				ALWAYS_SEARCH_USER_PATHS = NO;
				CLANG_ANALYZER_NONNULL = YES;
				CLANG_ANALYZER_NUMBER_OBJECT_CONVERSION = YES_AGGRESSIVE;
				CLANG_CXX_LANGUAGE_STANDARD = "gnu++14";
				CLANG_CXX_LIBRARY = "libc++";
				CLANG_ENABLE_MODULES = YES;
				CLANG_ENABLE_OBJC_ARC = YES;
				CLANG_ENABLE_OBJC_WEAK = YES;
				CLANG_WARN_BLOCK_CAPTURE_AUTORELEASING = YES;
				CLANG_WARN_BOOL_CONVERSION = YES;
				CLANG_WARN_COMMA = YES;
				CLANG_WARN_CONSTANT_CONVERSION = YES;
				CLANG_WARN_DEPRECATED_OBJC_IMPLEMENTATIONS = YES;
				CLANG_WARN_DIRECT_OBJC_ISA_USAGE = YES_ERROR;
				CLANG_WARN_DOCUMENTATION_COMMENTS = YES;
				CLANG_WARN_EMPTY_BODY = YES;
				CLANG_WARN_ENUM_CONVERSION = YES;
				CLANG_WARN_INFINITE_RECURSION = YES;
				CLANG_WARN_INT_CONVERSION = YES;
				CLANG_WARN_NON_LITERAL_NULL_CONVERSION = YES;
				CLANG_WARN_OBJC_IMPLICIT_RETAIN_SELF = YES;
				CLANG_WARN_OBJC_LITERAL_CONVERSION = YES;
				CLANG_WARN_OBJC_ROOT_CLASS = YES_ERROR;
				CLANG_WARN_QUOTED_INCLUDE_IN_FRAMEWORK_HEADER = YES;
				CLANG_WARN_RANGE_LOOP_ANALYSIS = YES;
				CLANG_WARN_STRICT_PROTOTYPES = YES;
				CLANG_WARN_SUSPICIOUS_MOVE = YES;
				CLANG_WARN_UNGUARDED_AVAILABILITY = YES_AGGRESSIVE;
				CLANG_WARN_UNREACHABLE_CODE = YES;
				CLANG_WARN__DUPLICATE_METHOD_MATCH = YES;
				COPY_PHASE_STRIP = NO;
				DEBUG_INFORMATION_FORMAT = "dwarf-with-dsym";
				ENABLE_NS_ASSERTIONS = NO;
				ENABLE_STRICT_OBJC_MSGSEND = YES;
				GCC_C_LANGUAGE_STANDARD = gnu11;
				GCC_NO_COMMON_BLOCKS = YES;
				GCC_WARN_64_TO_32_BIT_CONVERSION = YES;
				GCC_WARN_ABOUT_RETURN_TYPE = YES_ERROR;
				GCC_WARN_UNDECLARED_SELECTOR = YES;
				GCC_WARN_UNINITIALIZED_AUTOS = YES_AGGRESSIVE;
				GCC_WARN_UNUSED_FUNCTION = YES;
				GCC_WARN_UNUSED_VARIABLE = YES;
				IPHONEOS_DEPLOYMENT_TARGET = 14.1;
				MTL_ENABLE_DEBUG_INFO = NO;
				MTL_FAST_MATH = YES;
				SDKROOT = iphoneos;
				SWIFT_COMPILATION_MODE = wholemodule;
				SWIFT_OPTIMIZATION_LEVEL = "-O";
				VALIDATE_PRODUCT = YES;
			};
			name = Release;
		};
		FF2FA84C25594772009541BB /* Debug */ = {
			isa = XCBuildConfiguration;
			buildSettings = {
				ASSETCATALOG_COMPILER_APPICON_NAME = AppIcon;
				ASSETCATALOG_COMPILER_GLOBAL_ACCENT_COLOR_NAME = AccentColor;
				CODE_SIGN_STYLE = Automatic;
				DEVELOPMENT_TEAM = 7TUNQ9UT9C;
				INFOPLIST_FILE = "Bank App/Info.plist";
				LD_RUNPATH_SEARCH_PATHS = (
					"$(inherited)",
					"@executable_path/Frameworks",
				);
				PRODUCT_BUNDLE_IDENTIFIER = "ru.NikolaevVasiliy.Bank-App";
				PRODUCT_NAME = "$(TARGET_NAME)";
				SWIFT_VERSION = 5.0;
				TARGETED_DEVICE_FAMILY = "1,2";
			};
			name = Debug;
		};
		FF2FA84D25594772009541BB /* Release */ = {
			isa = XCBuildConfiguration;
			buildSettings = {
				ASSETCATALOG_COMPILER_APPICON_NAME = AppIcon;
				ASSETCATALOG_COMPILER_GLOBAL_ACCENT_COLOR_NAME = AccentColor;
				CODE_SIGN_STYLE = Automatic;
				DEVELOPMENT_TEAM = 7TUNQ9UT9C;
				INFOPLIST_FILE = "Bank App/Info.plist";
				LD_RUNPATH_SEARCH_PATHS = (
					"$(inherited)",
					"@executable_path/Frameworks",
				);
				PRODUCT_BUNDLE_IDENTIFIER = "ru.NikolaevVasiliy.Bank-App";
				PRODUCT_NAME = "$(TARGET_NAME)";
				SWIFT_VERSION = 5.0;
				TARGETED_DEVICE_FAMILY = "1,2";
			};
			name = Release;
		};
/* End XCBuildConfiguration section */

/* Begin XCConfigurationList section */
		FF2FA83225594770009541BB /* Build configuration list for PBXProject "Bank App" */ = {
			isa = XCConfigurationList;
			buildConfigurations = (
				FF2FA84925594772009541BB /* Debug */,
				FF2FA84A25594772009541BB /* Release */,
			);
			defaultConfigurationIsVisible = 0;
			defaultConfigurationName = Release;
		};
		FF2FA84B25594772009541BB /* Build configuration list for PBXNativeTarget "Bank App" */ = {
			isa = XCConfigurationList;
			buildConfigurations = (
				FF2FA84C25594772009541BB /* Debug */,
				FF2FA84D25594772009541BB /* Release */,
			);
			defaultConfigurationIsVisible = 0;
			defaultConfigurationName = Release;
		};
/* End XCConfigurationList section */
	};
	rootObject = FF2FA82F25594770009541BB /* Project object */;
}
